{
  "name": "test",
  "requires": true,
  "lockfileVersion": 1,
  "dependencies": {
    "@etcpack/plain-loader": {
      "version": "0.1.0-alpha.0",
      "resolved": "https://registry.npmjs.org/@etcpack/plain-loader/-/plain-loader-0.1.0-alpha.0.tgz",
      "integrity": "sha512-NRaLsYPuycrXYZAC+Zt7tcTjcP0RJWcaKaBTOI+05zw8uKjwImvRxKcpRVzJceK+F+3cI2AsMS9kUzJ4expT0w==",
      "dev": true
    },
    "@etcpack/ws": {
      "version": "0.1.0",
      "resolved": "https://registry.npmjs.org/@etcpack/ws/-/ws-0.1.0.tgz",
      "integrity": "sha512-2dspJUJ8IUueiBO99YUpSDBFmFlakqUZL+IYEDTDaR/z5ouI5abgaxcdtcMMmhngLQzXY1T0ukSKrQoPyr+LEA==",
      "dev": true,
      "requires": {
        "@hai2007/nodejs": "^2.1.0",
        "@hai2007/tool": "^1.0.0",
        "watch": "^1.0.2"
      }
    },
    "@hai2007/algorithm": {
      "version": "0.7.3",
      "resolved": "https://registry.npmjs.org/@hai2007/algorithm/-/algorithm-0.7.3.tgz",
      "integrity": "sha512-VCBG2OS3MxBLfMq6Vhq5HOP1Oy3RyCD+SNT4OLzr6EWdf2KuepLtYgVVWsSJfnaFTy3P8gmLP251yICTk/pPDg==",
      "dev": true,
      "requires": {
        "@hai2007/tool": "^0.9.1"
      },
      "dependencies": {
        "@hai2007/tool": {
          "version": "0.9.3",
          "resolved": "https://registry.npmjs.org/@hai2007/tool/-/tool-0.9.3.tgz",
          "integrity": "sha512-nNoK8T+pPYsAFO1KbnWkKZe5S9SCrLlo46q83+as9KvR63CepTQ0ELCUX5OjfIAuwSzZiZDjYSN6Y/abKS8d8w==",
          "dev": true
        }
      }
    },
    "@hai2007/nodejs": {
      "version": "2.1.0",
      "resolved": "https://registry.npmjs.org/@hai2007/nodejs/-/nodejs-2.1.0.tgz",
      "integrity": "sha512-7V/cYY3UO+cv/rpCV21wNmMgNJumy+RoazKJMmlB4fYwKolUH/VRaqEva4bnEKrKl8g/FQHj7Ehy0yX4KD1VjQ==",
      "dev": true,
      "requires": {
        "@hai2007/tool": "^0.6.1"
      },
      "dependencies": {
        "@hai2007/tool": {
          "version": "0.6.6",
          "resolved": "https://registry.npmjs.org/@hai2007/tool/-/tool-0.6.6.tgz",
          "integrity": "sha512-NY+oSmnB2ihepJBDFw+2S6vUvJ+lj9AtibioWBbkEn2w/QOY+wNKBT1xgg0nstxx5ljWLd2oS9WqOPY/q7rICA==",
          "dev": true
        }
      }
    },
    "@hai2007/tool": {
      "version": "1.0.0",
      "resolved": "https://registry.npmjs.org/@hai2007/tool/-/tool-1.0.0.tgz",
      "integrity": "sha512-Ls3rzkjFlKFfTgwWjbtXYtgBCCuRUSdn1qummhl6RC2C9Isnm2zgFbCtu3OnnE2s8sRRYJwiSxB8d1boGUjaBw==",
      "dev": true
    },
    "etcpack": {
      "version": "0.1.0",
      "resolved": "https://registry.npmjs.org/etcpack/-/etcpack-0.1.0.tgz",
      "integrity": "sha512-yV2mgC8pJmQlSgtJT0fSPSnENGLkpRtGwUhn/iYGNYg+60Y5VM8NMg47mqyYP2NLwjbtfuqfQW8fqhQBh3nSIA==",
      "dev": true,
      "requires": {
        "@etcpack/ws": "^0.1.0",
        "@hai2007/algorithm": "^0.7.3",
        "@hai2007/nodejs": "^2.1.0",
        "@hai2007/tool": "^1.0.0"
      }
    },
    "exec-sh": {
      "version": "0.2.2",
      "resolved": "https://registry.npmjs.org/exec-sh/-/exec-sh-0.2.2.tgz",
      "integrity": "sha512-FIUCJz1RbuS0FKTdaAafAByGS0CPvU3R0MeHxgtl+djzCc//F8HakL8GzmVNZanasTbTAY/3DRFA0KpVqj/eAw==",
      "dev": true,
      "requires": {
        "merge": "^1.2.0"
      }
    },
    "merge": {
      "version": "1.2.1",
      "resolved": "https://registry.npmjs.org/merge/-/merge-1.2.1.tgz",
      "integrity": "sha512-VjFo4P5Whtj4vsLzsYBu5ayHhoHJ0UqNm7ibvShmbmoz7tGi0vXaoJbGdB+GmDMLUdg8DpQXEIeVDAe8MaABvQ==",
      "dev": true
    },
    "minimist": {
      "version": "1.2.5",
      "resolved": "https://registry.npmjs.org/minimist/-/minimist-1.2.5.tgz",
      "integrity": "sha512-FM9nNUYrRBAELZQT3xeZQ7fmMOBg6nWNmJKTcgsJeaLstP/UODVpGsr5OhXhhXg6f+qtJ8uiZ+PUxkDWcgIXLw==",
      "dev": true
    },
    "watch": {
      "version": "1.0.2",
      "resolved": "https://registry.npmjs.org/watch/-/watch-1.0.2.tgz",
      "integrity": "sha1-NApxe952Vyb6CqB9ch4BR6VR3ww=",
      "dev": true,
      "requires": {
        "exec-sh": "^0.2.0",
        "minimist": "^1.2.0"
      }
    }
  }
}
